PODS:
  - BaseUtils (1.0.43)
  - PodImage (1.0.26):
    - BaseUtils
  - PodUI (1.0.29):
    - BaseUtils
    - PodImage

DEPENDENCIES:
  - BaseUtils
  - PodUI

SPEC CHECKSUMS:
  BaseUtils: 29a9756e46a62ea6409d0aa2bdc85befd22b3bf9
  PodImage: c5ef35333c8d6a4f4287bea53588d000edbb1e52
  PodUI: 3ee20814e000a62a8407aa9ad7525db7a81894a2

PODFILE CHECKSUM: f6521fe756edd388b609d11f9aca5f47e6af5c83

COCOAPODS: 1.1.1
