PODS:
  - BaseUtils (1.0.41)
  - PodImage (1.0.24):
    - BaseUtils
  - PodUI (1.0.27):
    - BaseUtils
    - PodImage

DEPENDENCIES:
  - BaseUtils
  - PodUI

SPEC CHECKSUMS:
  BaseUtils: 61e722e559d29833b2d1712902581de43ae4c48c
  PodImage: 644aafafcfd4849332800a530e423206f3b4ea70
  PodUI: ccbd7a84504ea2f5b5c4c1b9ef6b46e2079c4b61

PODFILE CHECKSUM: f6521fe756edd388b609d11f9aca5f47e6af5c83

COCOAPODS: 1.1.1
